// !$*UTF8*$!
{
	archiveVersion = 1;
	classes = {
	};
	objectVersion = 56;
	objects = {

/* Begin PBXBuildFile section */
		321CCEF029C8B35100A95175 /* AppDelegate.swift in Sources */ = {isa = PBXBuildFile; fileRef = 321CCEEF29C8B35100A95175 /* AppDelegate.swift */; };
		321CCEF229C8B35100A95175 /* SceneDelegate.swift in Sources */ = {isa = PBXBuildFile; fileRef = 321CCEF129C8B35100A95175 /* SceneDelegate.swift */; };
		321CCEF429C8B35100A95175 /* ViewController.swift in Sources */ = {isa = PBXBuildFile; fileRef = 321CCEF329C8B35100A95175 /* ViewController.swift */; };
		321CCEF729C8B35100A95175 /* Main.storyboard in Resources */ = {isa = PBXBuildFile; fileRef = 321CCEF529C8B35100A95175 /* Main.storyboard */; };
		321CCEFA29C8B35100A95175 /* Tipsy.xcdatamodeld in Sources */ = {isa = PBXBuildFile; fileRef = 321CCEF829C8B35100A95175 /* Tipsy.xcdatamodeld */; };
		321CCEFC29C8B35300A95175 /* Assets.xcassets in Resources */ = {isa = PBXBuildFile; fileRef = 321CCEFB29C8B35300A95175 /* Assets.xcassets */; };
		321CCEFF29C8B35300A95175 /* LaunchScreen.storyboard in Resources */ = {isa = PBXBuildFile; fileRef = 321CCEFD29C8B35300A95175 /* LaunchScreen.storyboard */; };
		321CCF0A29CAFC3C00A95175 /* ResultViewController.swift in Sources */ = {isa = PBXBuildFile; fileRef = 321CCF0929CAFC3C00A95175 /* ResultViewController.swift */; };
		321CCF0C29CB7C0E00A95175 /* Tipsy.swift in Sources */ = {isa = PBXBuildFile; fileRef = 321CCF0B29CB7C0E00A95175 /* Tipsy.swift */; };
		321CCF0E29CB7C3100A95175 /* CalculatorTipsy.swift in Sources */ = {isa = PBXBuildFile; fileRef = 321CCF0D29CB7C3100A95175 /* CalculatorTipsy.swift */; };
/* End PBXBuildFile section */

/* Begin PBXFileReference section */
		321CCEEC29C8B35100A95175 /* Tipsy.app */ = {isa = PBXFileReference; explicitFileType = wrapper.application; includeInIndex = 0; path = Tipsy.app; sourceTree = BUILT_PRODUCTS_DIR; };
		321CCEEF29C8B35100A95175 /* AppDelegate.swift */ = {isa = PBXFileReference; lastKnownFileType = sourcecode.swift; path = AppDelegate.swift; sourceTree = "<group>"; };
		321CCEF129C8B35100A95175 /* SceneDelegate.swift */ = {isa = PBXFileReference; lastKnownFileType = sourcecode.swift; path = SceneDelegate.swift; sourceTree = "<group>"; };
		321CCEF329C8B35100A95175 /* ViewController.swift */ = {isa = PBXFileReference; lastKnownFileType = sourcecode.swift; path = ViewController.swift; sourceTree = "<group>"; };
		321CCEF629C8B35100A95175 /* Base */ = {isa = PBXFileReference; lastKnownFileType = file.storyboard; name = Base; path = Base.lproj/Main.storyboard; sourceTree = "<group>"; };
		321CCEF929C8B35100A95175 /* Tipsy.xcdatamodel */ = {isa = PBXFileReference; lastKnownFileType = wrapper.xcdatamodel; path = Tipsy.xcdatamodel; sourceTree = "<group>"; };
		321CCEFB29C8B35300A95175 /* Assets.xcassets */ = {isa = PBXFileReference; lastKnownFileType = folder.assetcatalog; path = Assets.xcassets; sourceTree = "<group>"; };
		321CCEFE29C8B35300A95175 /* Base */ = {isa = PBXFileReference; lastKnownFileType = file.storyboard; name = Base; path = Base.lproj/LaunchScreen.storyboard; sourceTree = "<group>"; };
		321CCF0029C8B35300A95175 /* Info.plist */ = {isa = PBXFileReference; lastKnownFileType = text.plist.xml; path = Info.plist; sourceTree = "<group>"; };
		321CCF0929CAFC3C00A95175 /* ResultViewController.swift */ = {isa = PBXFileReference; lastKnownFileType = sourcecode.swift; path = ResultViewController.swift; sourceTree = "<group>"; };
		321CCF0B29CB7C0E00A95175 /* Tipsy.swift */ = {isa = PBXFileReference; lastKnownFileType = sourcecode.swift; path = Tipsy.swift; sourceTree = "<group>"; };
		321CCF0D29CB7C3100A95175 /* CalculatorTipsy.swift */ = {isa = PBXFileReference; lastKnownFileType = sourcecode.swift; path = CalculatorTipsy.swift; sourceTree = "<group>"; };
/* End PBXFileReference section */

/* Begin PBXFrameworksBuildPhase section */
		321CCEE929C8B35100A95175 /* Frameworks */ = {
			isa = PBXFrameworksBuildPhase;
			buildActionMask = 2147483647;
			files = (
			);
			runOnlyForDeploymentPostprocessing = 0;
		};
/* End PBXFrameworksBuildPhase section */

/* Begin PBXGroup section */
		321CCEE329C8B35100A95175 = {
			isa = PBXGroup;
			children = (
				321CCEEE29C8B35100A95175 /* Tipsy */,
				321CCEED29C8B35100A95175 /* Products */,
			);
			sourceTree = "<group>";
		};
		321CCEED29C8B35100A95175 /* Products */ = {
			isa = PBXGroup;
			children = (
				321CCEEC29C8B35100A95175 /* Tipsy.app */,
			);
			name = Products;
			sourceTree = "<group>";
		};
		321CCEEE29C8B35100A95175 /* Tipsy */ = {
			isa = PBXGroup;
			children = (
				321CCEEF29C8B35100A95175 /* AppDelegate.swift */,
				321CCEF129C8B35100A95175 /* SceneDelegate.swift */,
				321CCF0629C8B4B300A95175 /* Model */,
				321CCF0829C8B4D000A95175 /* View */,
				321CCF0729C8B4C300A95175 /* Controller */,
				321CCEFB29C8B35300A95175 /* Assets.xcassets */,
				321CCEFD29C8B35300A95175 /* LaunchScreen.storyboard */,
				321CCF0029C8B35300A95175 /* Info.plist */,
				321CCEF829C8B35100A95175 /* Tipsy.xcdatamodeld */,
			);
			path = Tipsy;
			sourceTree = "<group>";
		};
		321CCF0629C8B4B300A95175 /* Model */ = {
			isa = PBXGroup;
			children = (
				321CCF0B29CB7C0E00A95175 /* Tipsy.swift */,
				321CCF0D29CB7C3100A95175 /* CalculatorTipsy.swift */,
			);
			path = Model;
			sourceTree = "<group>";
		};
		321CCF0729C8B4C300A95175 /* Controller */ = {
			isa = PBXGroup;
			children = (
				321CCEF329C8B35100A95175 /* ViewController.swift */,
				321CCF0929CAFC3C00A95175 /* ResultViewController.swift */,
			);
			path = Controller;
			sourceTree = "<group>";
		};
		321CCF0829C8B4D000A95175 /* View */ = {
			isa = PBXGroup;
			children = (
				321CCEF529C8B35100A95175 /* Main.storyboard */,
			);
			path = View;
			sourceTree = "<group>";
		};
/* End PBXGroup section */

/* Begin PBXNativeTarget section */
		321CCEEB29C8B35100A95175 /* Tipsy */ = {
			isa = PBXNativeTarget;
			buildConfigurationList = 321CCF0329C8B35300A95175 /* Build configuration list for PBXNativeTarget "Tipsy" */;
			buildPhases = (
				321CCEE829C8B35100A95175 /* Sources */,
				321CCEE929C8B35100A95175 /* Frameworks */,
				321CCEEA29C8B35100A95175 /* Resources */,
			);
			buildRules = (
			);
			dependencies = (
			);
			name = Tipsy;
			productName = Tipsy;
			productReference = 321CCEEC29C8B35100A95175 /* Tipsy.app */;
			productType = "com.apple.product-type.application";
		};
/* End PBXNativeTarget section */

/* Begin PBXProject section */
		321CCEE429C8B35100A95175 /* Project object */ = {
			isa = PBXProject;
			attributes = {
				BuildIndependentTargetsInParallel = 1;
				LastSwiftUpdateCheck = 1410;
				LastUpgradeCheck = 1410;
				TargetAttributes = {
					321CCEEB29C8B35100A95175 = {
						CreatedOnToolsVersion = 14.1;
					};
				};
			};
			buildConfigurationList = 321CCEE729C8B35100A95175 /* Build configuration list for PBXProject "Tipsy" */;
			compatibilityVersion = "Xcode 14.0";
			developmentRegion = en;
			hasScannedForEncodings = 0;
			knownRegions = (
				en,
				Base,
			);
			mainGroup = 321CCEE329C8B35100A95175;
			productRefGroup = 321CCEED29C8B35100A95175 /* Products */;
			projectDirPath = "";
			projectRoot = "";
			targets = (
				321CCEEB29C8B35100A95175 /* Tipsy */,
			);
		};
/* End PBXProject section */

/* Begin PBXResourcesBuildPhase section */
		321CCEEA29C8B35100A95175 /* Resources */ = {
			isa = PBXResourcesBuildPhase;
			buildActionMask = 2147483647;
			files = (
				321CCEFF29C8B35300A95175 /* LaunchScreen.storyboard in Resources */,
				321CCEFC29C8B35300A95175 /* Assets.xcassets in Resources */,
				321CCEF729C8B35100A95175 /* Main.storyboard in Resources */,
			);
			runOnlyForDeploymentPostprocessing = 0;
		};
/* End PBXResourcesBuildPhase section */

/* Begin PBXSourcesBuildPhase section */
		321CCEE829C8B35100A95175 /* Sources */ = {
			isa = PBXSourcesBuildPhase;
			buildActionMask = 2147483647;
			files = (
				321CCF0A29CAFC3C00A95175 /* ResultViewController.swift in Sources */,
				321CCEF429C8B35100A95175 /* ViewController.swift in Sources */,
				321CCEF029C8B35100A95175 /* AppDelegate.swift in Sources */,
				321CCEF229C8B35100A95175 /* SceneDelegate.swift in Sources */,
				321CCF0E29CB7C3100A95175 /* CalculatorTipsy.swift in Sources */,
				321CCEFA29C8B35100A95175 /* Tipsy.xcdatamodeld in Sources */,
				321CCF0C29CB7C0E00A95175 /* Tipsy.swift in Sources */,
			);
			runOnlyForDeploymentPostprocessing = 0;
		};
/* End PBXSourcesBuildPhase section */

/* Begin PBXVariantGroup section */
		321CCEF529C8B35100A95175 /* Main.storyboard */ = {
			isa = PBXVariantGroup;
			children = (
				321CCEF629C8B35100A95175 /* Base */,
			);
			name = Main.storyboard;
			sourceTree = "<group>";
		};
		321CCEFD29C8B35300A95175 /* LaunchScreen.storyboard */ = {
			isa = PBXVariantGroup;
			children = (
				321CCEFE29C8B35300A95175 /* Base */,
			);
			name = LaunchScreen.storyboard;
			sourceTree = "<group>";
		};
/* End PBXVariantGroup section */

/* Begin XCBuildConfiguration section */
		321CCF0129C8B35300A95175 /* Debug */ = {
			isa = XCBuildConfiguration;
			buildSettings = {
				ALWAYS_SEARCH_USER_PATHS = NO;
				CLANG_ANALYZER_NONNULL = YES;
				CLANG_ANALYZER_NUMBER_OBJECT_CONVERSION = YES_AGGRESSIVE;
				CLANG_CXX_LANGUAGE_STANDARD = "gnu++20";
				CLANG_ENABLE_MODULES = YES;
				CLANG_ENABLE_OBJC_ARC = YES;
				CLANG_ENABLE_OBJC_WEAK = YES;
				CLANG_WARN_BLOCK_CAPTURE_AUTORELEASING = YES;
				CLANG_WARN_BOOL_CONVERSION = YES;
				CLANG_WARN_COMMA = YES;
				CLANG_WARN_CONSTANT_CONVERSION = YES;
				CLANG_WARN_DEPRECATED_OBJC_IMPLEMENTATIONS = YES;
				CLANG_WARN_DIRECT_OBJC_ISA_USAGE = YES_ERROR;
				CLANG_WARN_DOCUMENTATION_COMMENTS = YES;
				CLANG_WARN_EMPTY_BODY = YES;
				CLANG_WARN_ENUM_CONVERSION = YES;
				CLANG_WARN_INFINITE_RECURSION = YES;
				CLANG_WARN_INT_CONVERSION = YES;
				CLANG_WARN_NON_LITERAL_NULL_CONVERSION = YES;
				CLANG_WARN_OBJC_IMPLICIT_RETAIN_SELF = YES;
				CLANG_WARN_OBJC_LITERAL_CONVERSION = YES;
				CLANG_WARN_OBJC_ROOT_CLASS = YES_ERROR;
				CLANG_WARN_QUOTED_INCLUDE_IN_FRAMEWORK_HEADER = YES;
				CLANG_WARN_RANGE_LOOP_ANALYSIS = YES;
				CLANG_WARN_STRICT_PROTOTYPES = YES;
				CLANG_WARN_SUSPICIOUS_MOVE = YES;
				CLANG_WARN_UNGUARDED_AVAILABILITY = YES_AGGRESSIVE;
				CLANG_WARN_UNREACHABLE_CODE = YES;
				CLANG_WARN__DUPLICATE_METHOD_MATCH = YES;
				COPY_PHASE_STRIP = NO;
				DEBUG_INFORMATION_FORMAT = dwarf;
				ENABLE_STRICT_OBJC_MSGSEND = YES;
				ENABLE_TESTABILITY = YES;
				GCC_C_LANGUAGE_STANDARD = gnu11;
				GCC_DYNAMIC_NO_PIC = NO;
				GCC_NO_COMMON_BLOCKS = YES;
				GCC_OPTIMIZATION_LEVEL = 0;
				GCC_PREPROCESSOR_DEFINITIONS = (
					"DEBUG=1",
					"$(inherited)",
				);
				GCC_WARN_64_TO_32_BIT_CONVERSION = YES;
				GCC_WARN_ABOUT_RETURN_TYPE = YES_ERROR;
				GCC_WARN_UNDECLARED_SELECTOR = YES;
				GCC_WARN_UNINITIALIZED_AUTOS = YES_AGGRESSIVE;
				GCC_WARN_UNUSED_FUNCTION = YES;
				GCC_WARN_UNUSED_VARIABLE = YES;
				IPHONEOS_DEPLOYMENT_TARGET = 16.1;
				MTL_ENABLE_DEBUG_INFO = INCLUDE_SOURCE;
				MTL_FAST_MATH = YES;
				ONLY_ACTIVE_ARCH = YES;
				SDKROOT = iphoneos;
				SWIFT_ACTIVE_COMPILATION_CONDITIONS = DEBUG;
				SWIFT_OPTIMIZATION_LEVEL = "-Onone";
			};
			name = Debug;
		};
		321CCF0229C8B35300A95175 /* Release */ = {
			isa = XCBuildConfiguration;
			buildSettings = {
				ALWAYS_SEARCH_USER_PATHS = NO;
				CLANG_ANALYZER_NONNULL = YES;
				CLANG_ANALYZER_NUMBER_OBJECT_CONVERSION = YES_AGGRESSIVE;
				CLANG_CXX_LANGUAGE_STANDARD = "gnu++20";
				CLANG_ENABLE_MODULES = YES;
				CLANG_ENABLE_OBJC_ARC = YES;
				CLANG_ENABLE_OBJC_WEAK = YES;
				CLANG_WARN_BLOCK_CAPTURE_AUTORELEASING = YES;
				CLANG_WARN_BOOL_CONVERSION = YES;
				CLANG_WARN_COMMA = YES;
				CLANG_WARN_CONSTANT_CONVERSION = YES;
				CLANG_WARN_DEPRECATED_OBJC_IMPLEMENTATIONS = YES;
				CLANG_WARN_DIRECT_OBJC_ISA_USAGE = YES_ERROR;
				CLANG_WARN_DOCUMENTATION_COMMENTS = YES;
				CLANG_WARN_EMPTY_BODY = YES;
				CLANG_WARN_ENUM_CONVERSION = YES;
				CLANG_WARN_INFINITE_RECURSION = YES;
				CLANG_WARN_INT_CONVERSION = YES;
				CLANG_WARN_NON_LITERAL_NULL_CONVERSION = YES;
				CLANG_WARN_OBJC_IMPLICIT_RETAIN_SELF = YES;
				CLANG_WARN_OBJC_LITERAL_CONVERSION = YES;
				CLANG_WARN_OBJC_ROOT_CLASS = YES_ERROR;
				CLANG_WARN_QUOTED_INCLUDE_IN_FRAMEWORK_HEADER = YES;
				CLANG_WARN_RANGE_LOOP_ANALYSIS = YES;
				CLANG_WARN_STRICT_PROTOTYPES = YES;
				CLANG_WARN_SUSPICIOUS_MOVE = YES;
				CLANG_WARN_UNGUARDED_AVAILABILITY = YES_AGGRESSIVE;
				CLANG_WARN_UNREACHABLE_CODE = YES;
				CLANG_WARN__DUPLICATE_METHOD_MATCH = YES;
				COPY_PHASE_STRIP = NO;
				DEBUG_INFORMATION_FORMAT = "dwarf-with-dsym";
				ENABLE_NS_ASSERTIONS = NO;
				ENABLE_STRICT_OBJC_MSGSEND = YES;
				GCC_C_LANGUAGE_STANDARD = gnu11;
				GCC_NO_COMMON_BLOCKS = YES;
				GCC_WARN_64_TO_32_BIT_CONVERSION = YES;
				GCC_WARN_ABOUT_RETURN_TYPE = YES_ERROR;
				GCC_WARN_UNDECLARED_SELECTOR = YES;
				GCC_WARN_UNINITIALIZED_AUTOS = YES_AGGRESSIVE;
				GCC_WARN_UNUSED_FUNCTION = YES;
				GCC_WARN_UNUSED_VARIABLE = YES;
				IPHONEOS_DEPLOYMENT_TARGET = 16.1;
				MTL_ENABLE_DEBUG_INFO = NO;
				MTL_FAST_MATH = YES;
				SDKROOT = iphoneos;
				SWIFT_COMPILATION_MODE = wholemodule;
				SWIFT_OPTIMIZATION_LEVEL = "-O";
				VALIDATE_PRODUCT = YES;
			};
			name = Release;
		};
		321CCF0429C8B35300A95175 /* Debug */ = {
			isa = XCBuildConfiguration;
			buildSettings = {
				ASSETCATALOG_COMPILER_APPICON_NAME = AppIcon;
				ASSETCATALOG_COMPILER_GLOBAL_ACCENT_COLOR_NAME = AccentColor;
				CODE_SIGN_STYLE = Automatic;
				CURRENT_PROJECT_VERSION = 1;
				DEVELOPMENT_TEAM = DR7VY4SG95;
				GENERATE_INFOPLIST_FILE = YES;
				INFOPLIST_FILE = Tipsy/Info.plist;
				INFOPLIST_KEY_UIApplicationSupportsIndirectInputEvents = YES;
				INFOPLIST_KEY_UILaunchStoryboardName = LaunchScreen;
				INFOPLIST_KEY_UIMainStoryboardFile = Main;
				INFOPLIST_KEY_UISupportedInterfaceOrientations_iPad = "UIInterfaceOrientationPortrait UIInterfaceOrientationPortraitUpsideDown UIInterfaceOrientationLandscapeLeft UIInterfaceOrientationLandscapeRight";
				INFOPLIST_KEY_UISupportedInterfaceOrientations_iPhone = "UIInterfaceOrientationPortrait UIInterfaceOrientationLandscapeLeft UIInterfaceOrientationLandscapeRight";
				LD_RUNPATH_SEARCH_PATHS = (
					"$(inherited)",
					"@executable_path/Frameworks",
				);
				MARKETING_VERSION = 1.0;
				PRODUCT_BUNDLE_IDENTIFIER = com.saintpabloe.Tipsy;
				PRODUCT_NAME = "$(TARGET_NAME)";
				SWIFT_EMIT_LOC_STRINGS = YES;
				SWIFT_VERSION = 5.0;
				TARGETED_DEVICE_FAMILY = "1,2";
			};
			name = Debug;
		};
		321CCF0529C8B35300A95175 /* Release */ = {
			isa = XCBuildConfiguration;
			buildSettings = {
				ASSETCATALOG_COMPILER_APPICON_NAME = AppIcon;
				ASSETCATALOG_COMPILER_GLOBAL_ACCENT_COLOR_NAME = AccentColor;
				CODE_SIGN_STYLE = Automatic;
				CURRENT_PROJECT_VERSION = 1;
				DEVELOPMENT_TEAM = DR7VY4SG95;
				GENERATE_INFOPLIST_FILE = YES;
				INFOPLIST_FILE = Tipsy/Info.plist;
				INFOPLIST_KEY_UIApplicationSupportsIndirectInputEvents = YES;
				INFOPLIST_KEY_UILaunchStoryboardName = LaunchScreen;
				INFOPLIST_KEY_UIMainStoryboardFile = Main;
				INFOPLIST_KEY_UISupportedInterfaceOrientations_iPad = "UIInterfaceOrientationPortrait UIInterfaceOrientationPortraitUpsideDown UIInterfaceOrientationLandscapeLeft UIInterfaceOrientationLandscapeRight";
				INFOPLIST_KEY_UISupportedInterfaceOrientations_iPhone = "UIInterfaceOrientationPortrait UIInterfaceOrientationLandscapeLeft UIInterfaceOrientationLandscapeRight";
				LD_RUNPATH_SEARCH_PATHS = (
					"$(inherited)",
					"@executable_path/Frameworks",
				);
				MARKETING_VERSION = 1.0;
				PRODUCT_BUNDLE_IDENTIFIER = com.saintpabloe.Tipsy;
				PRODUCT_NAME = "$(TARGET_NAME)";
				SWIFT_EMIT_LOC_STRINGS = YES;
				SWIFT_VERSION = 5.0;
				TARGETED_DEVICE_FAMILY = "1,2";
			};
			name = Release;
		};
/* End XCBuildConfiguration section */

/* Begin XCConfigurationList section */
		321CCEE729C8B35100A95175 /* Build configuration list for PBXProject "Tipsy" */ = {
			isa = XCConfigurationList;
			buildConfigurations = (
				321CCF0129C8B35300A95175 /* Debug */,
				321CCF0229C8B35300A95175 /* Release */,
			);
			defaultConfigurationIsVisible = 0;
			defaultConfigurationName = Release;
		};
		321CCF0329C8B35300A95175 /* Build configuration list for PBXNativeTarget "Tipsy" */ = {
			isa = XCConfigurationList;
			buildConfigurations = (
				321CCF0429C8B35300A95175 /* Debug */,
				321CCF0529C8B35300A95175 /* Release */,
			);
			defaultConfigurationIsVisible = 0;
			defaultConfigurationName = Release;
		};
/* End XCConfigurationList section */

/* Begin XCVersionGroup section */
		321CCEF829C8B35100A95175 /* Tipsy.xcdatamodeld */ = {
			isa = XCVersionGroup;
			children = (
				321CCEF929C8B35100A95175 /* Tipsy.xcdatamodel */,
			);
			currentVersion = 321CCEF929C8B35100A95175 /* Tipsy.xcdatamodel */;
			path = Tipsy.xcdatamodeld;
			sourceTree = "<group>";
			versionGroupType = wrapper.xcdatamodel;
		};
/* End XCVersionGroup section */
	};
	rootObject = 321CCEE429C8B35100A95175 /* Project object */;
}
